{
    "_readme": [
        "This file locks the dependencies of your project to a known state",
        "Read more about it at https://getcomposer.org/doc/01-basic-usage.md#installing-dependencies",
        "This file is @generated automatically"
    ],
    "content-hash": "51a5d8e5b1efaeb7a4156f0a76965c7a",
    "packages": [
        {
            "name": "patreon/patreon",
            "version": "dev-master",
            "source": {
                "type": "git",
                "url": "https://github.com/Patreon/patreon-php.git",
                "reference": "4713b36d360cbdaeee1fd9f1e4445ead5de38938"
            },
            "require": {
                "php": ">=5.3.0"
            },
            "type": "library",
            "autoload": {
                "psr-4": {
                    "Patreon\\": "src/"
                }
            },
            "license": [
                "MIT"
            ],
            "authors": [
                {
                    "name": "Patreon",
                    "email": "platform-team@patreon.com"
                }
            ],
            "description": "Interact with the Patreon API via OAuth.",
            "time": "2019-01-23T16:55:48+00:00"
        }
    ],
    "packages-dev": [],
    "aliases": [],
    "minimum-stability": "stable",
    "stability-flags": {
        "patreon/patreon": 20
    },
    "prefer-stable": false,
    "prefer-lowest": false,
    "platform": [],
    "platform-dev": []
}
